
Microsoft Visual Studio Solution File, Format Version 12.00
# Visual Studio Version 17
VisualStudioVersion = 17.10.35122.118
MinimumVisualStudioVersion = 10.0.40219.1
Project("{2150E333-8FDC-42A3-9474-1A3956D46DE8}") = "OnionArhitecture", "OnionArhitecture", "{36E30252-085C-49A8-ACA2-FD2C2DDBFCBE}"
EndProject
Project("{2150E333-8FDC-42A3-9474-1A3956D46DE8}") = "Core", "Core", "{86FEC241-CEFA-4E91-83A3-77E4A0E96445}"
EndProject
Project("{2150E333-8FDC-42A3-9474-1A3956D46DE8}") = "Presentation", "Presentation", "{0A76BA99-1B1A-4781-A3A4-FDDCD8C7D937}"
EndProject
Project("{2150E333-8FDC-42A3-9474-1A3956D46DE8}") = "Infrastructure", "Infrastructure", "{F59A83DF-1BF5-4A23-ADCC-7241B8D844F3}"
EndProject
Project("{FAE04EC0-301F-11D3-BF4B-00C04F79EFBC}") = "ProductOrder.Domain", "ProductOrder.Domain\ProductOrder.Domain.csproj", "{FA7193B3-71FB-4744-917D-D7398910A624}"
EndProject
Project("{FAE04EC0-301F-11D3-BF4B-00C04F79EFBC}") = "ProductOrder.Application", "ProductOrder.Application\ProductOrder.Application.csproj", "{2660546F-7BCA-4402-A52B-30511A58FA62}"
EndProject
Project("{FAE04EC0-301F-11D3-BF4B-00C04F79EFBC}") = "ProductOrder.Infrastucture", "ProductOrder.Infrastucture\ProductOrder.Infrastucture.csproj", "{BE04F1AD-3C65-43D1-B2C6-C32C997ECF3C}"
EndProject
Project("{FAE04EC0-301F-11D3-BF4B-00C04F79EFBC}") = "ProductOrder.API", "ProductOrder.API\ProductOrder.API.csproj", "{E7AF2321-4E2E-46FB-8CF9-FBC24FF0D62C}"
EndProject
Global
	GlobalSection(SolutionConfigurationPlatforms) = preSolution
		Debug|Any CPU = Debug|Any CPU
		Release|Any CPU = Release|Any CPU
	EndGlobalSection
	GlobalSection(ProjectConfigurationPlatforms) = postSolution
		{FA7193B3-71FB-4744-917D-D7398910A624}.Debug|Any CPU.ActiveCfg = Debug|Any CPU
		{FA7193B3-71FB-4744-917D-D7398910A624}.Debug|Any CPU.Build.0 = Debug|Any CPU
		{FA7193B3-71FB-4744-917D-D7398910A624}.Release|Any CPU.ActiveCfg = Release|Any CPU
		{FA7193B3-71FB-4744-917D-D7398910A624}.Release|Any CPU.Build.0 = Release|Any CPU
		{2660546F-7BCA-4402-A52B-30511A58FA62}.Debug|Any CPU.ActiveCfg = Debug|Any CPU
		{2660546F-7BCA-4402-A52B-30511A58FA62}.Debug|Any CPU.Build.0 = Debug|Any CPU
		{2660546F-7BCA-4402-A52B-30511A58FA62}.Release|Any CPU.ActiveCfg = Release|Any CPU
		{2660546F-7BCA-4402-A52B-30511A58FA62}.Release|Any CPU.Build.0 = Release|Any CPU
		{BE04F1AD-3C65-43D1-B2C6-C32C997ECF3C}.Debug|Any CPU.ActiveCfg = Debug|Any CPU
		{BE04F1AD-3C65-43D1-B2C6-C32C997ECF3C}.Debug|Any CPU.Build.0 = Debug|Any CPU
		{BE04F1AD-3C65-43D1-B2C6-C32C997ECF3C}.Release|Any CPU.ActiveCfg = Release|Any CPU
		{BE04F1AD-3C65-43D1-B2C6-C32C997ECF3C}.Release|Any CPU.Build.0 = Release|Any CPU
		{E7AF2321-4E2E-46FB-8CF9-FBC24FF0D62C}.Debug|Any CPU.ActiveCfg = Debug|Any CPU
		{E7AF2321-4E2E-46FB-8CF9-FBC24FF0D62C}.Debug|Any CPU.Build.0 = Debug|Any CPU
		{E7AF2321-4E2E-46FB-8CF9-FBC24FF0D62C}.Release|Any CPU.ActiveCfg = Release|Any CPU
		{E7AF2321-4E2E-46FB-8CF9-FBC24FF0D62C}.Release|Any CPU.Build.0 = Release|Any CPU
	EndGlobalSection
	GlobalSection(SolutionProperties) = preSolution
		HideSolutionNode = FALSE
	EndGlobalSection
	GlobalSection(NestedProjects) = preSolution
		{86FEC241-CEFA-4E91-83A3-77E4A0E96445} = {36E30252-085C-49A8-ACA2-FD2C2DDBFCBE}
		{0A76BA99-1B1A-4781-A3A4-FDDCD8C7D937} = {36E30252-085C-49A8-ACA2-FD2C2DDBFCBE}
		{F59A83DF-1BF5-4A23-ADCC-7241B8D844F3} = {36E30252-085C-49A8-ACA2-FD2C2DDBFCBE}
		{FA7193B3-71FB-4744-917D-D7398910A624} = {86FEC241-CEFA-4E91-83A3-77E4A0E96445}
		{2660546F-7BCA-4402-A52B-30511A58FA62} = {86FEC241-CEFA-4E91-83A3-77E4A0E96445}
		{BE04F1AD-3C65-43D1-B2C6-C32C997ECF3C} = {F59A83DF-1BF5-4A23-ADCC-7241B8D844F3}
		{E7AF2321-4E2E-46FB-8CF9-FBC24FF0D62C} = {0A76BA99-1B1A-4781-A3A4-FDDCD8C7D937}
	EndGlobalSection
	GlobalSection(ExtensibilityGlobals) = postSolution
		SolutionGuid = {B0815654-A2A0-40CE-AF41-82C9FE4BE409}
	EndGlobalSection
EndGlobal
